<Solution>
  <Folder Name="/src/">
    <Project Path="src/AppHub/AppHub.csproj" />
    <Project Path="src/AppSandbox.AppHost/AppSandbox.AppHost.csproj" />
    <Project Path="src/AppSandbox.ServiceDefaults/AppSandbox.ServiceDefaults.csproj" />
    <Project Path="src/MyGuitar/MyGuitar.csproj" />
    <Project Path="src/MyLists/MyLists.csproj" />
    <Project Path="src/MyReader/MyReader.csproj" />
    <Project Path="src/MyVerses/MyVerses.csproj" />
    <Project Path="src/MyWorkouts/MyWorkouts.csproj" />
  </Folder>
</Solution>
